
Microsoft Visual Studio Solution File, Format Version 11.00
# Visual Studio 2010
Project("{FAE04EC0-301F-11D3-BF4B-00C04F79EFBC}") = "GamePadTest", "WindowsGame1\WindowsGame1\GamePadTest.csproj", "{C5F2B822-FDBE-4E24-9FD7-C8F7DFA485B7}"
EndProject
Project("{FAE04EC0-301F-11D3-BF4B-00C04F79EFBC}") = "WindowsGame1Content", "WindowsGame1\WindowsGame1Content\WindowsGame1Content.contentproj", "{EC7E561C-AEFC-493A-8876-CDAAE6AD54B1}"
EndProject
Global
	GlobalSection(SolutionConfigurationPlatforms) = preSolution
		Debug|x86 = Debug|x86
		Release|x86 = Release|x86
	EndGlobalSection
	GlobalSection(ProjectConfigurationPlatforms) = postSolution
		{C5F2B822-FDBE-4E24-9FD7-C8F7DFA485B7}.Debug|x86.ActiveCfg = Debug|x86
		{C5F2B822-FDBE-4E24-9FD7-C8F7DFA485B7}.Debug|x86.Build.0 = Debug|x86
		{C5F2B822-FDBE-4E24-9FD7-C8F7DFA485B7}.Release|x86.ActiveCfg = Release|x86
		{C5F2B822-FDBE-4E24-9FD7-C8F7DFA485B7}.Release|x86.Build.0 = Release|x86
		{EC7E561C-AEFC-493A-8876-CDAAE6AD54B1}.Debug|x86.ActiveCfg = Debug|x86
		{EC7E561C-AEFC-493A-8876-CDAAE6AD54B1}.Release|x86.ActiveCfg = Release|x86
	EndGlobalSection
	GlobalSection(SolutionProperties) = preSolution
		HideSolutionNode = FALSE
	EndGlobalSection
EndGlobal
